
Microsoft Visual Studio Solution File, Format Version 12.00
# Visual Studio Version 17
VisualStudioVersion = 17.5.33424.131
MinimumVisualStudioVersion = 10.0.40219.1
Project("{9A19103F-16F7-4668-BE54-9A1E7A4F7556}") = "AndreTurismoAPIExterna", "AndreTurismoAPIExterna\AndreTurismoAPIExterna.csproj", "{56F1C215-8E7F-424E-AE02-96B8D8155F50}"
EndProject
Project("{9A19103F-16F7-4668-BE54-9A1E7A4F7556}") = "AndreTurismoAPIExterna.Models", "AndreTurismoAPIExterna.Models\AndreTurismoAPIExterna.Models.csproj", "{5B05CCBC-5D68-4C91-8F31-34DB550A58B9}"
EndProject
Project("{9A19103F-16F7-4668-BE54-9A1E7A4F7556}") = "AndreTurismoAPIExterna.EnderecoService", "AndreTurismoAPIExterna.EnderecoService\AndreTurismoAPIExterna.EnderecoService.csproj", "{C6C8A9D1-D06E-4013-AF30-2605C224E21A}"
EndProject
Project("{9A19103F-16F7-4668-BE54-9A1E7A4F7556}") = "AndreTurismoAPIExterna.ClienteService", "AndreTurismoAPIExterna.ClienteService\AndreTurismoAPIExterna.ClienteService.csproj", "{6A0B0573-6D11-4270-BAFD-848345173F80}"
EndProject
Project("{9A19103F-16F7-4668-BE54-9A1E7A4F7556}") = "AndreTurismoAPIExterna.HotelService", "AndreTurismoAPIExterna.HotelService\AndreTurismoAPIExterna.HotelService.csproj", "{5330393C-14FD-4479-BE62-C695A5D8F0C9}"
EndProject
Project("{9A19103F-16F7-4668-BE54-9A1E7A4F7556}") = "AndreTurismoAPIExterna.PassagemService", "AndreTurismoAPIExterna.PassagemService\AndreTurismoAPIExterna.PassagemService.csproj", "{4BA14C4F-D661-45A5-B36E-039DD2CB0EC1}"
EndProject
Project("{9A19103F-16F7-4668-BE54-9A1E7A4F7556}") = "AndreTurismoAPIExterna.PacoteService", "AndreTurismoAPIExterna.PacoteService\AndreTurismoAPIExterna.PacoteService.csproj", "{07C751D6-CDDE-490C-A01B-AE6B15A536CC}"
EndProject
Project("{9A19103F-16F7-4668-BE54-9A1E7A4F7556}") = "AndreTurismoAPIExterna.Teste", "AndreTurismoAPIExterna.Teste\AndreTurismoAPIExterna.Teste.csproj", "{5D9F68CA-6EE0-4B8E-A8FE-B5C6404ACEC7}"
EndProject
Project("{2150E333-8FDC-42A3-9474-1A3956D46DE8}") = "Global", "Global", "{3A569D79-278F-49AD-A63A-200C0EE07470}"
EndProject
Project("{2150E333-8FDC-42A3-9474-1A3956D46DE8}") = "Microservicos", "Microservicos", "{5E8211D5-981F-42BE-B053-D10C874A4309}"
EndProject
Global
	GlobalSection(SolutionConfigurationPlatforms) = preSolution
		Debug|Any CPU = Debug|Any CPU
		Release|Any CPU = Release|Any CPU
	EndGlobalSection
	GlobalSection(ProjectConfigurationPlatforms) = postSolution
		{56F1C215-8E7F-424E-AE02-96B8D8155F50}.Debug|Any CPU.ActiveCfg = Debug|Any CPU
		{56F1C215-8E7F-424E-AE02-96B8D8155F50}.Debug|Any CPU.Build.0 = Debug|Any CPU
		{56F1C215-8E7F-424E-AE02-96B8D8155F50}.Release|Any CPU.ActiveCfg = Release|Any CPU
		{56F1C215-8E7F-424E-AE02-96B8D8155F50}.Release|Any CPU.Build.0 = Release|Any CPU
		{5B05CCBC-5D68-4C91-8F31-34DB550A58B9}.Debug|Any CPU.ActiveCfg = Debug|Any CPU
		{5B05CCBC-5D68-4C91-8F31-34DB550A58B9}.Debug|Any CPU.Build.0 = Debug|Any CPU
		{5B05CCBC-5D68-4C91-8F31-34DB550A58B9}.Release|Any CPU.ActiveCfg = Release|Any CPU
		{5B05CCBC-5D68-4C91-8F31-34DB550A58B9}.Release|Any CPU.Build.0 = Release|Any CPU
		{C6C8A9D1-D06E-4013-AF30-2605C224E21A}.Debug|Any CPU.ActiveCfg = Debug|Any CPU
		{C6C8A9D1-D06E-4013-AF30-2605C224E21A}.Debug|Any CPU.Build.0 = Debug|Any CPU
		{C6C8A9D1-D06E-4013-AF30-2605C224E21A}.Release|Any CPU.ActiveCfg = Release|Any CPU
		{C6C8A9D1-D06E-4013-AF30-2605C224E21A}.Release|Any CPU.Build.0 = Release|Any CPU
		{6A0B0573-6D11-4270-BAFD-848345173F80}.Debug|Any CPU.ActiveCfg = Debug|Any CPU
		{6A0B0573-6D11-4270-BAFD-848345173F80}.Debug|Any CPU.Build.0 = Debug|Any CPU
		{6A0B0573-6D11-4270-BAFD-848345173F80}.Release|Any CPU.ActiveCfg = Release|Any CPU
		{6A0B0573-6D11-4270-BAFD-848345173F80}.Release|Any CPU.Build.0 = Release|Any CPU
		{5330393C-14FD-4479-BE62-C695A5D8F0C9}.Debug|Any CPU.ActiveCfg = Debug|Any CPU
		{5330393C-14FD-4479-BE62-C695A5D8F0C9}.Debug|Any CPU.Build.0 = Debug|Any CPU
		{5330393C-14FD-4479-BE62-C695A5D8F0C9}.Release|Any CPU.ActiveCfg = Release|Any CPU
		{5330393C-14FD-4479-BE62-C695A5D8F0C9}.Release|Any CPU.Build.0 = Release|Any CPU
		{4BA14C4F-D661-45A5-B36E-039DD2CB0EC1}.Debug|Any CPU.ActiveCfg = Debug|Any CPU
		{4BA14C4F-D661-45A5-B36E-039DD2CB0EC1}.Debug|Any CPU.Build.0 = Debug|Any CPU
		{4BA14C4F-D661-45A5-B36E-039DD2CB0EC1}.Release|Any CPU.ActiveCfg = Release|Any CPU
		{4BA14C4F-D661-45A5-B36E-039DD2CB0EC1}.Release|Any CPU.Build.0 = Release|Any CPU
		{07C751D6-CDDE-490C-A01B-AE6B15A536CC}.Debug|Any CPU.ActiveCfg = Debug|Any CPU
		{07C751D6-CDDE-490C-A01B-AE6B15A536CC}.Debug|Any CPU.Build.0 = Debug|Any CPU
		{07C751D6-CDDE-490C-A01B-AE6B15A536CC}.Release|Any CPU.ActiveCfg = Release|Any CPU
		{07C751D6-CDDE-490C-A01B-AE6B15A536CC}.Release|Any CPU.Build.0 = Release|Any CPU
		{5D9F68CA-6EE0-4B8E-A8FE-B5C6404ACEC7}.Debug|Any CPU.ActiveCfg = Debug|Any CPU
		{5D9F68CA-6EE0-4B8E-A8FE-B5C6404ACEC7}.Debug|Any CPU.Build.0 = Debug|Any CPU
		{5D9F68CA-6EE0-4B8E-A8FE-B5C6404ACEC7}.Release|Any CPU.ActiveCfg = Release|Any CPU
		{5D9F68CA-6EE0-4B8E-A8FE-B5C6404ACEC7}.Release|Any CPU.Build.0 = Release|Any CPU
	EndGlobalSection
	GlobalSection(SolutionProperties) = preSolution
		HideSolutionNode = FALSE
	EndGlobalSection
	GlobalSection(NestedProjects) = preSolution
		{56F1C215-8E7F-424E-AE02-96B8D8155F50} = {3A569D79-278F-49AD-A63A-200C0EE07470}
		{5B05CCBC-5D68-4C91-8F31-34DB550A58B9} = {3A569D79-278F-49AD-A63A-200C0EE07470}
		{C6C8A9D1-D06E-4013-AF30-2605C224E21A} = {5E8211D5-981F-42BE-B053-D10C874A4309}
		{6A0B0573-6D11-4270-BAFD-848345173F80} = {5E8211D5-981F-42BE-B053-D10C874A4309}
		{5330393C-14FD-4479-BE62-C695A5D8F0C9} = {5E8211D5-981F-42BE-B053-D10C874A4309}
		{4BA14C4F-D661-45A5-B36E-039DD2CB0EC1} = {5E8211D5-981F-42BE-B053-D10C874A4309}
		{07C751D6-CDDE-490C-A01B-AE6B15A536CC} = {5E8211D5-981F-42BE-B053-D10C874A4309}
	EndGlobalSection
	GlobalSection(ExtensibilityGlobals) = postSolution
		SolutionGuid = {5B27CA28-30C9-4A6F-88F2-9F4DF082242E}
	EndGlobalSection
EndGlobal
